
Microsoft Visual Studio Solution File, Format Version 12.00
# Visual Studio Version 17
VisualStudioVersion = 17.0.32112.339
MinimumVisualStudioVersion = 10.0.40219.1
Project("{FAE04EC0-301F-11D3-BF4B-00C04F79EFBC}") = "bttinhdahinh", "bttinhdahinh\bttinhdahinh.csproj", "{98382558-8AE7-4737-8E72-E78BB0FB8DF9}"
EndProject
Global
	GlobalSection(SolutionConfigurationPlatforms) = preSolution
		Debug|Any CPU = Debug|Any CPU
		Release|Any CPU = Release|Any CPU
	EndGlobalSection
	GlobalSection(ProjectConfigurationPlatforms) = postSolution
		{98382558-8AE7-4737-8E72-E78BB0FB8DF9}.Debug|Any CPU.ActiveCfg = Debug|Any CPU
		{98382558-8AE7-4737-8E72-E78BB0FB8DF9}.Debug|Any CPU.Build.0 = Debug|Any CPU
		{98382558-8AE7-4737-8E72-E78BB0FB8DF9}.Release|Any CPU.ActiveCfg = Release|Any CPU
		{98382558-8AE7-4737-8E72-E78BB0FB8DF9}.Release|Any CPU.Build.0 = Release|Any CPU
	EndGlobalSection
	GlobalSection(SolutionProperties) = preSolution
		HideSolutionNode = FALSE
	EndGlobalSection
	GlobalSection(ExtensibilityGlobals) = postSolution
		SolutionGuid = {DDF28DDB-D228-4F23-84FA-370D8840D9E2}
	EndGlobalSection
EndGlobal
