
Microsoft Visual Studio Solution File, Format Version 12.00
# Visual Studio Version 17
VisualStudioVersion = 17.0.32112.339
MinimumVisualStudioVersion = 10.0.40219.1
Project("{FAE04EC0-301F-11D3-BF4B-00C04F79EFBC}") = "mangdd", "mangdd\mangdd.csproj", "{35307035-BD4A-4664-B6C0-4E5B4A5359DC}"
EndProject
Global
	GlobalSection(SolutionConfigurationPlatforms) = preSolution
		Debug|Any CPU = Debug|Any CPU
		Release|Any CPU = Release|Any CPU
	EndGlobalSection
	GlobalSection(ProjectConfigurationPlatforms) = postSolution
		{35307035-BD4A-4664-B6C0-4E5B4A5359DC}.Debug|Any CPU.ActiveCfg = Debug|Any CPU
		{35307035-BD4A-4664-B6C0-4E5B4A5359DC}.Debug|Any CPU.Build.0 = Debug|Any CPU
		{35307035-BD4A-4664-B6C0-4E5B4A5359DC}.Release|Any CPU.ActiveCfg = Release|Any CPU
		{35307035-BD4A-4664-B6C0-4E5B4A5359DC}.Release|Any CPU.Build.0 = Release|Any CPU
	EndGlobalSection
	GlobalSection(SolutionProperties) = preSolution
		HideSolutionNode = FALSE
	EndGlobalSection
	GlobalSection(ExtensibilityGlobals) = postSolution
		SolutionGuid = {DDE51FFE-4AF0-4E67-84C6-D3A11B892229}
	EndGlobalSection
EndGlobal
